// !$*UTF8*$!
{
	archiveVersion = 1;
	classes = {
	};
	objectVersion = 46;
	objects = {

/* Begin PBXFileReference section */
		62544A6815C68AB100F4DDE5 /* makefile */ = {isa = PBXFileReference; fileEncoding = 4; lastKnownFileType = sourcecode.make; path = makefile; sourceTree = "<group>"; };
		62544A6915C68ADA00F4DDE5 /* m_pd.h */ = {isa = PBXFileReference; fileEncoding = 4; lastKnownFileType = sourcecode.c.h; path = m_pd.h; sourceTree = "<group>"; };
		9124390E18A164F200AD3FC1 /* shm.c */ = {isa = PBXFileReference; lastKnownFileType = sourcecode.c.c; path = shm.c; sourceTree = "<group>"; };
/* End PBXFileReference section */

/* Begin PBXGroup section */
		62544A5A15C68A3200F4DDE5 = {
			isa = PBXGroup;
			children = (
				9124390E18A164F200AD3FC1 /* shm.c */,
				62544A6815C68AB100F4DDE5 /* makefile */,
				62544A6915C68ADA00F4DDE5 /* m_pd.h */,
			);
			sourceTree = "<group>";
		};
/* End PBXGroup section */

/* Begin PBXLegacyTarget section */
		62544A6115C68A3200F4DDE5 /* myobject */ = {
			isa = PBXLegacyTarget;
			buildArgumentsString = "$(ACTION)";
			buildConfigurationList = 62544A6415C68A3200F4DDE5 /* Build configuration list for PBXLegacyTarget "myobject" */;
			buildPhases = (
			);
			buildToolPath = /usr/bin/make;
			dependencies = (
			);
			name = myobject;
			passBuildSettingsInEnvironment = 1;
			productName = Template_snow_leopard;
		};
/* End PBXLegacyTarget section */

/* Begin PBXProject section */
		62544A5C15C68A3200F4DDE5 /* Project object */ = {
			isa = PBXProject;
			attributes = {
			};
			buildConfigurationList = 62544A5F15C68A3200F4DDE5 /* Build configuration list for PBXProject "shm_pd-object" */;
			compatibilityVersion = "Xcode 3.2";
			developmentRegion = English;
			hasScannedForEncodings = 0;
			knownRegions = (
				en,
			);
			mainGroup = 62544A5A15C68A3200F4DDE5;
			projectDirPath = "";
			projectRoot = "";
			targets = (
				62544A6115C68A3200F4DDE5 /* myobject */,
			);
		};
/* End PBXProject section */

/* Begin XCBuildConfiguration section */
		62544A6215C68A3200F4DDE5 /* Debug */ = {
			isa = XCBuildConfiguration;
			buildSettings = {
				ARCHS = "$(ARCHS_STANDARD_32_64_BIT)";
				GCC_C_LANGUAGE_STANDARD = gnu99;
				GCC_OPTIMIZATION_LEVEL = 0;
				GCC_PREPROCESSOR_DEFINITIONS = DEBUG;
				GCC_SYMBOLS_PRIVATE_EXTERN = NO;
				GCC_VERSION = com.apple.compilers.llvm.clang.1_0;
				GCC_WARN_64_TO_32_BIT_CONVERSION = YES;
				GCC_WARN_ABOUT_RETURN_TYPE = YES;
				GCC_WARN_UNUSED_VARIABLE = YES;
				MACOSX_DEPLOYMENT_TARGET = 10.6;
				ONLY_ACTIVE_ARCH = YES;
				SDKROOT = macosx;
			};
			name = Debug;
		};
		62544A6315C68A3200F4DDE5 /* Release */ = {
			isa = XCBuildConfiguration;
			buildSettings = {
				ARCHS = "$(ARCHS_STANDARD_32_64_BIT)";
				GCC_C_LANGUAGE_STANDARD = gnu99;
				GCC_VERSION = com.apple.compilers.llvm.clang.1_0;
				GCC_WARN_64_TO_32_BIT_CONVERSION = YES;
				GCC_WARN_ABOUT_RETURN_TYPE = YES;
				GCC_WARN_UNUSED_VARIABLE = YES;
				MACOSX_DEPLOYMENT_TARGET = 10.6;
				SDKROOT = macosx;
			};
			name = Release;
		};
		62544A6515C68A3200F4DDE5 /* Debug */ = {
			isa = XCBuildConfiguration;
			buildSettings = {
				ALWAYS_SEARCH_USER_PATHS = NO;
				COPY_PHASE_STRIP = NO;
				DEBUGGING_SYMBOLS = YES;
				GCC_DYNAMIC_NO_PIC = NO;
				GCC_ENABLE_OBJC_EXCEPTIONS = YES;
				GCC_GENERATE_DEBUGGING_SYMBOLS = YES;
				GCC_OPTIMIZATION_LEVEL = 0;
				OTHER_CFLAGS = "";
				OTHER_LDFLAGS = "";
				PRODUCT_NAME = "$(TARGET_NAME)";
			};
			name = Debug;
		};
		62544A6615C68A3200F4DDE5 /* Release */ = {
			isa = XCBuildConfiguration;
			buildSettings = {
				ALWAYS_SEARCH_USER_PATHS = NO;
				COPY_PHASE_STRIP = YES;
				DEBUG_INFORMATION_FORMAT = "dwarf-with-dsym";
				GCC_ENABLE_OBJC_EXCEPTIONS = YES;
				OTHER_CFLAGS = "";
				OTHER_LDFLAGS = "";
				PRODUCT_NAME = "$(TARGET_NAME)";
			};
			name = Release;
		};
/* End XCBuildConfiguration section */

/* Begin XCConfigurationList section */
		62544A5F15C68A3200F4DDE5 /* Build configuration list for PBXProject "shm_pd-object" */ = {
			isa = XCConfigurationList;
			buildConfigurations = (
				62544A6215C68A3200F4DDE5 /* Debug */,
				62544A6315C68A3200F4DDE5 /* Release */,
			);
			defaultConfigurationIsVisible = 0;
			defaultConfigurationName = Release;
		};
		62544A6415C68A3200F4DDE5 /* Build configuration list for PBXLegacyTarget "myobject" */ = {
			isa = XCConfigurationList;
			buildConfigurations = (
				62544A6515C68A3200F4DDE5 /* Debug */,
				62544A6615C68A3200F4DDE5 /* Release */,
			);
			defaultConfigurationIsVisible = 0;
			defaultConfigurationName = Release;
		};
/* End XCConfigurationList section */
	};
	rootObject = 62544A5C15C68A3200F4DDE5 /* Project object */;
}
